
Microsoft Visual Studio Solution File, Format Version 12.00
# Visual Studio Version 17
VisualStudioVersion = 17.4.33213.308
MinimumVisualStudioVersion = 10.0.40219.1
Project("{FAE04EC0-301F-11D3-BF4B-00C04F79EFBC}") = "Lab_4_5", "Lab_4_5\Lab_4_5.csproj", "{0F3684D1-7A79-4522-A961-B5BF80338332}"
EndProject
Global
	GlobalSection(SolutionConfigurationPlatforms) = preSolution
		Debug|Any CPU = Debug|Any CPU
		Release|Any CPU = Release|Any CPU
	EndGlobalSection
	GlobalSection(ProjectConfigurationPlatforms) = postSolution
		{0F3684D1-7A79-4522-A961-B5BF80338332}.Debug|Any CPU.ActiveCfg = Debug|Any CPU
		{0F3684D1-7A79-4522-A961-B5BF80338332}.Debug|Any CPU.Build.0 = Debug|Any CPU
		{0F3684D1-7A79-4522-A961-B5BF80338332}.Release|Any CPU.ActiveCfg = Release|Any CPU
		{0F3684D1-7A79-4522-A961-B5BF80338332}.Release|Any CPU.Build.0 = Release|Any CPU
	EndGlobalSection
	GlobalSection(SolutionProperties) = preSolution
		HideSolutionNode = FALSE
	EndGlobalSection
	GlobalSection(ExtensibilityGlobals) = postSolution
		SolutionGuid = {F068F068-3265-4BF2-BF06-1D36A1FF56B4}
	EndGlobalSection
EndGlobal
