
Microsoft Visual Studio Solution File, Format Version 12.00
# Visual Studio Version 17
VisualStudioVersion = 17.5.33502.453
MinimumVisualStudioVersion = 10.0.40219.1
Project("{FAE04EC0-301F-11D3-BF4B-00C04F79EFBC}") = "Lab_10", "Lab_10\Lab_10.csproj", "{4C2F6482-0F8D-465C-8C57-B9E51F45BBA8}"
EndProject
Global
	GlobalSection(SolutionConfigurationPlatforms) = preSolution
		Debug|Any CPU = Debug|Any CPU
		Release|Any CPU = Release|Any CPU
	EndGlobalSection
	GlobalSection(ProjectConfigurationPlatforms) = postSolution
		{4C2F6482-0F8D-465C-8C57-B9E51F45BBA8}.Debug|Any CPU.ActiveCfg = Debug|Any CPU
		{4C2F6482-0F8D-465C-8C57-B9E51F45BBA8}.Debug|Any CPU.Build.0 = Debug|Any CPU
		{4C2F6482-0F8D-465C-8C57-B9E51F45BBA8}.Release|Any CPU.ActiveCfg = Release|Any CPU
		{4C2F6482-0F8D-465C-8C57-B9E51F45BBA8}.Release|Any CPU.Build.0 = Release|Any CPU
	EndGlobalSection
	GlobalSection(SolutionProperties) = preSolution
		HideSolutionNode = FALSE
	EndGlobalSection
	GlobalSection(ExtensibilityGlobals) = postSolution
		SolutionGuid = {3A49EC22-CE4B-4FB2-83B3-7DB2943B0234}
	EndGlobalSection
EndGlobal
